
Microsoft Visual Studio Solution File, Format Version 12.00
# Visual Studio Version 17
VisualStudioVersion = 17.5.002.0
MinimumVisualStudioVersion = 10.0.40219.1
Project("{9A19103F-16F7-4668-BE54-9A1E7A4F7556}") = "trabajo", "trabajo.csproj", "{47A95CBF-E3F1-4F2E-8AAE-5D11CCC5B119}"
EndProject
Global
	GlobalSection(SolutionConfigurationPlatforms) = preSolution
		Debug|Any CPU = Debug|Any CPU
		Release|Any CPU = Release|Any CPU
	EndGlobalSection
	GlobalSection(ProjectConfigurationPlatforms) = postSolution
		{47A95CBF-E3F1-4F2E-8AAE-5D11CCC5B119}.Debug|Any CPU.ActiveCfg = Debug|Any CPU
		{47A95CBF-E3F1-4F2E-8AAE-5D11CCC5B119}.Debug|Any CPU.Build.0 = Debug|Any CPU
		{47A95CBF-E3F1-4F2E-8AAE-5D11CCC5B119}.Release|Any CPU.ActiveCfg = Release|Any CPU
		{47A95CBF-E3F1-4F2E-8AAE-5D11CCC5B119}.Release|Any CPU.Build.0 = Release|Any CPU
	EndGlobalSection
	GlobalSection(SolutionProperties) = preSolution
		HideSolutionNode = FALSE
	EndGlobalSection
	GlobalSection(ExtensibilityGlobals) = postSolution
		SolutionGuid = {ECFA7DF4-E12D-4E4C-A1AB-84C224A19721}
	EndGlobalSection
EndGlobal
